{
  "nodes": {
    "home-manager": {
      "inputs": {
        "nixpkgs": [
          "nixpkgs"
        ]
      },
      "locked": {
        "lastModified": 1604441492,
        "narHash": "sha256-Wo7WqdwNQnWHmhyZuhVLrAEpCuZl88cA9ttxkiCTekY=",
        "owner": "nix-community",
        "repo": "home-manager",
        "rev": "63f299b3347aea183fc5088e4d6c4a193b334a41",
        "type": "github"
      },
      "original": {
        "owner": "nix-community",
        "ref": "release-20.09",
        "repo": "home-manager",
        "type": "github"
      }
    },
    "nixpkgs": {
      "locked": {
        "lastModified": 1606600693,
        "narHash": "sha256-/s+qBfqRjBT2zbiaVF1mGiZWP35MA2MgFI0fPmTYS9Y=",
        "owner": "NixOS",
        "repo": "nixpkgs",
        "rev": "2335e7354f8a9c34d4842aa107af14e268a27f07",
        "type": "github"
      },
      "original": {
        "owner": "NixOS",
        "ref": "nixos-20.09-small",
        "repo": "nixpkgs",
        "type": "github"
      }
    },
    "nixpkgs-unstable": {
      "locked": {
        "lastModified": 1606435565,
        "narHash": "sha256-N/pKh6n5p3wXNXD7NXGzylFVerT9JIUwTQxZB/0iUXA=",
        "owner": "NixOS",
        "repo": "nixpkgs",
        "rev": "1121b2259b7d66e8c7c5131d1588a48c80ef9e58",
        "type": "github"
      },
      "original": {
        "owner": "NixOS",
        "ref": "nixpkgs-unstable",
        "repo": "nixpkgs",
        "type": "github"
      }
    },
    "root": {
      "inputs": {
        "home-manager": "home-manager",
        "nixpkgs": "nixpkgs",
        "nixpkgs-unstable": "nixpkgs-unstable"
      }
    }
  },
  "root": "root",
  "version": 7
}
